
Microsoft Visual Studio Solution File, Format Version 12.00
# Visual Studio 15
VisualStudioVersion = 15.0.28307.572
MinimumVisualStudioVersion = 10.0.40219.1
Project("{FAE04EC0-301F-11D3-BF4B-00C04F79EFBC}") = "SOS.API", "SOS.API\SOS.API.csproj", "{EF1657BD-ECD6-498E-9589-3899207333D6}"
EndProject
Project("{FAE04EC0-301F-11D3-BF4B-00C04F79EFBC}") = "SOS.Business", "SOS.Business\SOS.Business.csproj", "{DD02930F-DDC5-4E12-8A93-6AE6521398D8}"
EndProject
Project("{FAE04EC0-301F-11D3-BF4B-00C04F79EFBC}") = "SOS.DataAccess", "SOS.DataAccess\SOS.DataAccess.csproj", "{9D99CF91-4F17-40F7-BA9C-B68E166DE1D1}"
EndProject
Project("{FAE04EC0-301F-11D3-BF4B-00C04F79EFBC}") = "SOS.Core", "SOS.Core\SOS.Core.csproj", "{31A68C77-E3A1-4672-B7F6-CE7F8181D530}"
EndProject
Project("{FAE04EC0-301F-11D3-BF4B-00C04F79EFBC}") = "SOS.DataObjects", "SOS.DataObjects\SOS.DataObjects.csproj", "{5247F0E0-63A8-4F8B-A9C1-A414973B9F0C}"
EndProject
Project("{00D1A9C2-B5F0-4AF3-8072-F6C62B433612}") = "SOS.Database", "SOS.Database\SOS.Database.sqlproj", "{441227B1-9E8A-4780-A046-F721312B6BB1}"
EndProject
Global
	GlobalSection(SolutionConfigurationPlatforms) = preSolution
		Debug|Any CPU = Debug|Any CPU
		Release|Any CPU = Release|Any CPU
	EndGlobalSection
	GlobalSection(ProjectConfigurationPlatforms) = postSolution
		{EF1657BD-ECD6-498E-9589-3899207333D6}.Debug|Any CPU.ActiveCfg = Debug|Any CPU
		{EF1657BD-ECD6-498E-9589-3899207333D6}.Debug|Any CPU.Build.0 = Debug|Any CPU
		{EF1657BD-ECD6-498E-9589-3899207333D6}.Release|Any CPU.ActiveCfg = Release|Any CPU
		{EF1657BD-ECD6-498E-9589-3899207333D6}.Release|Any CPU.Build.0 = Release|Any CPU
		{DD02930F-DDC5-4E12-8A93-6AE6521398D8}.Debug|Any CPU.ActiveCfg = Debug|Any CPU
		{DD02930F-DDC5-4E12-8A93-6AE6521398D8}.Debug|Any CPU.Build.0 = Debug|Any CPU
		{DD02930F-DDC5-4E12-8A93-6AE6521398D8}.Release|Any CPU.ActiveCfg = Release|Any CPU
		{DD02930F-DDC5-4E12-8A93-6AE6521398D8}.Release|Any CPU.Build.0 = Release|Any CPU
		{9D99CF91-4F17-40F7-BA9C-B68E166DE1D1}.Debug|Any CPU.ActiveCfg = Debug|Any CPU
		{9D99CF91-4F17-40F7-BA9C-B68E166DE1D1}.Debug|Any CPU.Build.0 = Debug|Any CPU
		{9D99CF91-4F17-40F7-BA9C-B68E166DE1D1}.Release|Any CPU.ActiveCfg = Release|Any CPU
		{9D99CF91-4F17-40F7-BA9C-B68E166DE1D1}.Release|Any CPU.Build.0 = Release|Any CPU
		{31A68C77-E3A1-4672-B7F6-CE7F8181D530}.Debug|Any CPU.ActiveCfg = Debug|Any CPU
		{31A68C77-E3A1-4672-B7F6-CE7F8181D530}.Debug|Any CPU.Build.0 = Debug|Any CPU
		{31A68C77-E3A1-4672-B7F6-CE7F8181D530}.Release|Any CPU.ActiveCfg = Release|Any CPU
		{31A68C77-E3A1-4672-B7F6-CE7F8181D530}.Release|Any CPU.Build.0 = Release|Any CPU
		{5247F0E0-63A8-4F8B-A9C1-A414973B9F0C}.Debug|Any CPU.ActiveCfg = Debug|Any CPU
		{5247F0E0-63A8-4F8B-A9C1-A414973B9F0C}.Debug|Any CPU.Build.0 = Debug|Any CPU
		{5247F0E0-63A8-4F8B-A9C1-A414973B9F0C}.Release|Any CPU.ActiveCfg = Release|Any CPU
		{5247F0E0-63A8-4F8B-A9C1-A414973B9F0C}.Release|Any CPU.Build.0 = Release|Any CPU
		{441227B1-9E8A-4780-A046-F721312B6BB1}.Debug|Any CPU.ActiveCfg = Debug|Any CPU
		{441227B1-9E8A-4780-A046-F721312B6BB1}.Debug|Any CPU.Build.0 = Debug|Any CPU
		{441227B1-9E8A-4780-A046-F721312B6BB1}.Debug|Any CPU.Deploy.0 = Debug|Any CPU
		{441227B1-9E8A-4780-A046-F721312B6BB1}.Release|Any CPU.ActiveCfg = Release|Any CPU
		{441227B1-9E8A-4780-A046-F721312B6BB1}.Release|Any CPU.Build.0 = Release|Any CPU
		{441227B1-9E8A-4780-A046-F721312B6BB1}.Release|Any CPU.Deploy.0 = Release|Any CPU
	EndGlobalSection
	GlobalSection(SolutionProperties) = preSolution
		HideSolutionNode = FALSE
	EndGlobalSection
	GlobalSection(ExtensibilityGlobals) = postSolution
		SolutionGuid = {5C35171E-729E-4F7E-98E6-1E240C6DEF62}
	EndGlobalSection
EndGlobal
